
Microsoft Visual Studio Solution File, Format Version 12.00
# Visual Studio 2013
VisualStudioVersion = 12.0.21005.1
MinimumVisualStudioVersion = 10.0.40219.1
Project("{8BC9CEB8-8B4A-11D0-8D11-00A0C91BC942}") = "EntryArduino", "EntryArduino\EntryArduino.vcxproj", "{8B54E55A-051B-4F28-B786-BEC78670549F}"
EndProject
Global
	GlobalSection(SolutionConfigurationPlatforms) = preSolution
		Debug|Win32 = Debug|Win32
		Release|Win32 = Release|Win32
	EndGlobalSection
	GlobalSection(ProjectConfigurationPlatforms) = postSolution
		{8B54E55A-051B-4F28-B786-BEC78670549F}.Debug|Win32.ActiveCfg = Debug|Win32
		{8B54E55A-051B-4F28-B786-BEC78670549F}.Debug|Win32.Build.0 = Debug|Win32
		{8B54E55A-051B-4F28-B786-BEC78670549F}.Release|Win32.ActiveCfg = Release|Win32
		{8B54E55A-051B-4F28-B786-BEC78670549F}.Release|Win32.Build.0 = Release|Win32
	EndGlobalSection
	GlobalSection(SolutionProperties) = preSolution
		HideSolutionNode = FALSE
	EndGlobalSection
EndGlobal
